// !$*UTF8*$!
{
	archiveVersion = 1;
	classes = {
	};
	objectVersion = 50;
	objects = {

/* Begin PBXBuildFile section */
		642ADE0F27D2DE13867744EF /* libPods-Alarm.a in Frameworks */ = {isa = PBXBuildFile; fileRef = AEE067EA157FABB047FFB411 /* libPods-Alarm.a */; };
		8665655921566C1700019AAC /* AlarmCloseViewController.m in Sources */ = {isa = PBXBuildFile; fileRef = 8665655821566C1700019AAC /* AlarmCloseViewController.m */; };
		8665655F2156B2D700019AAC /* AlarmSoundSelectTableViewController.m in Sources */ = {isa = PBXBuildFile; fileRef = 8665655E2156B2D700019AAC /* AlarmSoundSelectTableViewController.m */; };
		8688C2512155DA92009CC2E8 /* AppDelegate.mm in Sources */ = {isa = PBXBuildFile; fileRef = 8688C2502155DA92009CC2E8 /* AppDelegate.mm */; };
		8688C2572155DA92009CC2E8 /* Main.storyboard in Resources */ = {isa = PBXBuildFile; fileRef = 8688C2552155DA92009CC2E8 /* Main.storyboard */; };
		8688C2592155DA95009CC2E8 /* Assets.xcassets in Resources */ = {isa = PBXBuildFile; fileRef = 8688C2582155DA95009CC2E8 /* Assets.xcassets */; };
		8688C25C2155DA95009CC2E8 /* LaunchScreen.storyboard in Resources */ = {isa = PBXBuildFile; fileRef = 8688C25A2155DA95009CC2E8 /* LaunchScreen.storyboard */; };
		8688C25F2155DA95009CC2E8 /* main.m in Sources */ = {isa = PBXBuildFile; fileRef = 8688C25E2155DA95009CC2E8 /* main.m */; };
		8688C2682155DCEC009CC2E8 /* ColorManager.m in Sources */ = {isa = PBXBuildFile; fileRef = 8688C2672155DCEC009CC2E8 /* ColorManager.m */; };
		8688C26C2155DE69009CC2E8 /* AlarmManagerViewController.m in Sources */ = {isa = PBXBuildFile; fileRef = 8688C26B2155DE69009CC2E8 /* AlarmManagerViewController.m */; };
		8688C2712155E6A1009CC2E8 /* AlarmTableViewCell.m in Sources */ = {isa = PBXBuildFile; fileRef = 8688C2702155E6A1009CC2E8 /* AlarmTableViewCell.m */; };
		8688C2752155F987009CC2E8 /* AlarmModel.mm in Sources */ = {isa = PBXBuildFile; fileRef = 8688C2742155F987009CC2E8 /* AlarmModel.mm */; };
		8688C27A215601A0009CC2E8 /* AlarmInfoTableViewController.m in Sources */ = {isa = PBXBuildFile; fileRef = 8688C279215601A0009CC2E8 /* AlarmInfoTableViewController.m */; };
		8688C27E215611A4009CC2E8 /* AlarmInfoDataSource.m in Sources */ = {isa = PBXBuildFile; fileRef = 8688C27D215611A4009CC2E8 /* AlarmInfoDataSource.m */; };
		8688C2812156146B009CC2E8 /* AlarmEditInfoDataSource.m in Sources */ = {isa = PBXBuildFile; fileRef = 8688C2802156146B009CC2E8 /* AlarmEditInfoDataSource.m */; };
		8688C28421561493009CC2E8 /* AlarmNewInfoDataSource.m in Sources */ = {isa = PBXBuildFile; fileRef = 8688C28321561493009CC2E8 /* AlarmNewInfoDataSource.m */; };
		8688C288215620B3009CC2E8 /* WeekDaySelectViewController.m in Sources */ = {isa = PBXBuildFile; fileRef = 8688C287215620B3009CC2E8 /* WeekDaySelectViewController.m */; };
		8688C28B21562B39009CC2E8 /* AlarmDescriptionEditViewController.m in Sources */ = {isa = PBXBuildFile; fileRef = 8688C28A21562B39009CC2E8 /* AlarmDescriptionEditViewController.m */; };
		8688C28F215630FE009CC2E8 /* AlarmDAO.mm in Sources */ = {isa = PBXBuildFile; fileRef = 8688C28E215630FE009CC2E8 /* AlarmDAO.mm */; };
		8688C296215647AE009CC2E8 /* AlarmService.m in Sources */ = {isa = PBXBuildFile; fileRef = 8688C295215647AE009CC2E8 /* AlarmService.m */; };
/* End PBXBuildFile section */

/* Begin PBXFileReference section */
		60215B01EEDC4AA14BAC0726 /* Pods-Alarm.release.xcconfig */ = {isa = PBXFileReference; includeInIndex = 1; lastKnownFileType = text.xcconfig; name = "Pods-Alarm.release.xcconfig"; path = "Pods/Target Support Files/Pods-Alarm/Pods-Alarm.release.xcconfig"; sourceTree = "<group>"; };
		8665655721566C1700019AAC /* AlarmCloseViewController.h */ = {isa = PBXFileReference; lastKnownFileType = sourcecode.c.h; path = AlarmCloseViewController.h; sourceTree = "<group>"; };
		8665655821566C1700019AAC /* AlarmCloseViewController.m */ = {isa = PBXFileReference; lastKnownFileType = sourcecode.c.objc; path = AlarmCloseViewController.m; sourceTree = "<group>"; };
		8665655D2156B2D700019AAC /* AlarmSoundSelectTableViewController.h */ = {isa = PBXFileReference; lastKnownFileType = sourcecode.c.h; path = AlarmSoundSelectTableViewController.h; sourceTree = "<group>"; };
		8665655E2156B2D700019AAC /* AlarmSoundSelectTableViewController.m */ = {isa = PBXFileReference; lastKnownFileType = sourcecode.c.objc; path = AlarmSoundSelectTableViewController.m; sourceTree = "<group>"; };
		8688C24C2155DA92009CC2E8 /* Alarm.app */ = {isa = PBXFileReference; explicitFileType = wrapper.application; includeInIndex = 0; path = Alarm.app; sourceTree = BUILT_PRODUCTS_DIR; };
		8688C24F2155DA92009CC2E8 /* AppDelegate.h */ = {isa = PBXFileReference; lastKnownFileType = sourcecode.c.h; path = AppDelegate.h; sourceTree = "<group>"; };
		8688C2502155DA92009CC2E8 /* AppDelegate.mm */ = {isa = PBXFileReference; lastKnownFileType = sourcecode.cpp.objcpp; path = AppDelegate.mm; sourceTree = "<group>"; };
		8688C2562155DA92009CC2E8 /* Base */ = {isa = PBXFileReference; lastKnownFileType = file.storyboard; name = Base; path = Base.lproj/Main.storyboard; sourceTree = "<group>"; };
		8688C2582155DA95009CC2E8 /* Assets.xcassets */ = {isa = PBXFileReference; lastKnownFileType = folder.assetcatalog; path = Assets.xcassets; sourceTree = "<group>"; };
		8688C25B2155DA95009CC2E8 /* Base */ = {isa = PBXFileReference; lastKnownFileType = file.storyboard; name = Base; path = Base.lproj/LaunchScreen.storyboard; sourceTree = "<group>"; };
		8688C25D2155DA95009CC2E8 /* Info.plist */ = {isa = PBXFileReference; lastKnownFileType = text.plist.xml; path = Info.plist; sourceTree = "<group>"; };
		8688C25E2155DA95009CC2E8 /* main.m */ = {isa = PBXFileReference; lastKnownFileType = sourcecode.c.objc; path = main.m; sourceTree = "<group>"; };
		8688C2662155DCEC009CC2E8 /* ColorManager.h */ = {isa = PBXFileReference; lastKnownFileType = sourcecode.c.h; path = ColorManager.h; sourceTree = "<group>"; };
		8688C2672155DCEC009CC2E8 /* ColorManager.m */ = {isa = PBXFileReference; lastKnownFileType = sourcecode.c.objc; path = ColorManager.m; sourceTree = "<group>"; };
		8688C26A2155DE69009CC2E8 /* AlarmManagerViewController.h */ = {isa = PBXFileReference; lastKnownFileType = sourcecode.c.h; path = AlarmManagerViewController.h; sourceTree = "<group>"; };
		8688C26B2155DE69009CC2E8 /* AlarmManagerViewController.m */ = {isa = PBXFileReference; lastKnownFileType = sourcecode.c.objc; path = AlarmManagerViewController.m; sourceTree = "<group>"; };
		8688C26F2155E6A1009CC2E8 /* AlarmTableViewCell.h */ = {isa = PBXFileReference; lastKnownFileType = sourcecode.c.h; path = AlarmTableViewCell.h; sourceTree = "<group>"; };
		8688C2702155E6A1009CC2E8 /* AlarmTableViewCell.m */ = {isa = PBXFileReference; lastKnownFileType = sourcecode.c.objc; path = AlarmTableViewCell.m; sourceTree = "<group>"; };
		8688C2732155F987009CC2E8 /* AlarmModel.h */ = {isa = PBXFileReference; lastKnownFileType = sourcecode.c.h; path = AlarmModel.h; sourceTree = "<group>"; };
		8688C2742155F987009CC2E8 /* AlarmModel.mm */ = {isa = PBXFileReference; lastKnownFileType = sourcecode.cpp.objcpp; path = AlarmModel.mm; sourceTree = "<group>"; };
		8688C278215601A0009CC2E8 /* AlarmInfoTableViewController.h */ = {isa = PBXFileReference; lastKnownFileType = sourcecode.c.h; path = AlarmInfoTableViewController.h; sourceTree = "<group>"; };
		8688C279215601A0009CC2E8 /* AlarmInfoTableViewController.m */ = {isa = PBXFileReference; lastKnownFileType = sourcecode.c.objc; path = AlarmInfoTableViewController.m; sourceTree = "<group>"; };
		8688C27C215611A4009CC2E8 /* AlarmInfoDataSource.h */ = {isa = PBXFileReference; lastKnownFileType = sourcecode.c.h; path = AlarmInfoDataSource.h; sourceTree = "<group>"; };
		8688C27D215611A4009CC2E8 /* AlarmInfoDataSource.m */ = {isa = PBXFileReference; lastKnownFileType = sourcecode.c.objc; path = AlarmInfoDataSource.m; sourceTree = "<group>"; };
		8688C27F2156146B009CC2E8 /* AlarmEditInfoDataSource.h */ = {isa = PBXFileReference; lastKnownFileType = sourcecode.c.h; path = AlarmEditInfoDataSource.h; sourceTree = "<group>"; };
		8688C2802156146B009CC2E8 /* AlarmEditInfoDataSource.m */ = {isa = PBXFileReference; lastKnownFileType = sourcecode.c.objc; path = AlarmEditInfoDataSource.m; sourceTree = "<group>"; };
		8688C28221561493009CC2E8 /* AlarmNewInfoDataSource.h */ = {isa = PBXFileReference; lastKnownFileType = sourcecode.c.h; path = AlarmNewInfoDataSource.h; sourceTree = "<group>"; };
		8688C28321561493009CC2E8 /* AlarmNewInfoDataSource.m */ = {isa = PBXFileReference; lastKnownFileType = sourcecode.c.objc; path = AlarmNewInfoDataSource.m; sourceTree = "<group>"; };
		8688C28521561CBD009CC2E8 /* AlarmModel+WCTTableCoding.h */ = {isa = PBXFileReference; lastKnownFileType = sourcecode.c.h; path = "AlarmModel+WCTTableCoding.h"; sourceTree = "<group>"; };
		8688C286215620B3009CC2E8 /* WeekDaySelectViewController.h */ = {isa = PBXFileReference; lastKnownFileType = sourcecode.c.h; path = WeekDaySelectViewController.h; sourceTree = "<group>"; };
		8688C287215620B3009CC2E8 /* WeekDaySelectViewController.m */ = {isa = PBXFileReference; lastKnownFileType = sourcecode.c.objc; path = WeekDaySelectViewController.m; sourceTree = "<group>"; };
		8688C28921562B39009CC2E8 /* AlarmDescriptionEditViewController.h */ = {isa = PBXFileReference; lastKnownFileType = sourcecode.c.h; path = AlarmDescriptionEditViewController.h; sourceTree = "<group>"; };
		8688C28A21562B39009CC2E8 /* AlarmDescriptionEditViewController.m */ = {isa = PBXFileReference; lastKnownFileType = sourcecode.c.objc; path = AlarmDescriptionEditViewController.m; sourceTree = "<group>"; };
		8688C28D215630FE009CC2E8 /* AlarmDAO.h */ = {isa = PBXFileReference; lastKnownFileType = sourcecode.c.h; path = AlarmDAO.h; sourceTree = "<group>"; };
		8688C28E215630FE009CC2E8 /* AlarmDAO.mm */ = {isa = PBXFileReference; lastKnownFileType = sourcecode.cpp.objcpp; path = AlarmDAO.mm; sourceTree = "<group>"; };
		8688C2902156345D009CC2E8 /* AlarmNotifications.h */ = {isa = PBXFileReference; lastKnownFileType = sourcecode.c.h; path = AlarmNotifications.h; sourceTree = "<group>"; };
		8688C294215647AE009CC2E8 /* AlarmService.h */ = {isa = PBXFileReference; lastKnownFileType = sourcecode.c.h; path = AlarmService.h; sourceTree = "<group>"; };
		8688C295215647AE009CC2E8 /* AlarmService.m */ = {isa = PBXFileReference; lastKnownFileType = sourcecode.c.objc; path = AlarmService.m; sourceTree = "<group>"; };
		AEE067EA157FABB047FFB411 /* libPods-Alarm.a */ = {isa = PBXFileReference; explicitFileType = archive.ar; includeInIndex = 0; path = "libPods-Alarm.a"; sourceTree = BUILT_PRODUCTS_DIR; };
		D667622B99E3032732D82B25 /* Pods-Alarm.debug.xcconfig */ = {isa = PBXFileReference; includeInIndex = 1; lastKnownFileType = text.xcconfig; name = "Pods-Alarm.debug.xcconfig"; path = "Pods/Target Support Files/Pods-Alarm/Pods-Alarm.debug.xcconfig"; sourceTree = "<group>"; };
/* End PBXFileReference section */

/* Begin PBXFrameworksBuildPhase section */
		8688C2492155DA92009CC2E8 /* Frameworks */ = {
			isa = PBXFrameworksBuildPhase;
			buildActionMask = 2147483647;
			files = (
				642ADE0F27D2DE13867744EF /* libPods-Alarm.a in Frameworks */,
			);
			runOnlyForDeploymentPostprocessing = 0;
		};
/* End PBXFrameworksBuildPhase section */

/* Begin PBXGroup section */
		06F6B8E1B48C6B18F6292AFC /* Frameworks */ = {
			isa = PBXGroup;
			children = (
				AEE067EA157FABB047FFB411 /* libPods-Alarm.a */,
			);
			name = Frameworks;
			sourceTree = "<group>";
		};
		8665655621566BF000019AAC /* alarmClose */ = {
			isa = PBXGroup;
			children = (
				8665655721566C1700019AAC /* AlarmCloseViewController.h */,
				8665655821566C1700019AAC /* AlarmCloseViewController.m */,
			);
			path = alarmClose;
			sourceTree = "<group>";
		};
		8688C2432155DA91009CC2E8 = {
			isa = PBXGroup;
			children = (
				8688C24E2155DA92009CC2E8 /* Alarm */,
				8688C24D2155DA92009CC2E8 /* Products */,
				E1F7E6B918440A01F5F65B1D /* Pods */,
				06F6B8E1B48C6B18F6292AFC /* Frameworks */,
			);
			sourceTree = "<group>";
		};
		8688C24D2155DA92009CC2E8 /* Products */ = {
			isa = PBXGroup;
			children = (
				8688C24C2155DA92009CC2E8 /* Alarm.app */,
			);
			name = Products;
			sourceTree = "<group>";
		};
		8688C24E2155DA92009CC2E8 /* Alarm */ = {
			isa = PBXGroup;
			children = (
				8665655621566BF000019AAC /* alarmClose */,
				8688C2932156478E009CC2E8 /* alarmService */,
				8688C2762156012D009CC2E8 /* alarmInfo */,
				8688C2692155DE37009CC2E8 /* alarmList */,
				8688C2652155DCD2009CC2E8 /* config */,
				8688C24F2155DA92009CC2E8 /* AppDelegate.h */,
				8688C2502155DA92009CC2E8 /* AppDelegate.mm */,
				8688C2552155DA92009CC2E8 /* Main.storyboard */,
				8688C2582155DA95009CC2E8 /* Assets.xcassets */,
				8688C25A2155DA95009CC2E8 /* LaunchScreen.storyboard */,
				8688C25D2155DA95009CC2E8 /* Info.plist */,
				8688C25E2155DA95009CC2E8 /* main.m */,
			);
			path = Alarm;
			sourceTree = "<group>";
		};
		8688C2652155DCD2009CC2E8 /* config */ = {
			isa = PBXGroup;
			children = (
				8688C2662155DCEC009CC2E8 /* ColorManager.h */,
				8688C2672155DCEC009CC2E8 /* ColorManager.m */,
				8688C2902156345D009CC2E8 /* AlarmNotifications.h */,
			);
			path = config;
			sourceTree = "<group>";
		};
		8688C2692155DE37009CC2E8 /* alarmList */ = {
			isa = PBXGroup;
			children = (
				8688C2722155F976009CC2E8 /* model */,
				8688C26E2155E676009CC2E8 /* viewcontroller */,
				8688C26D2155E670009CC2E8 /* view */,
			);
			path = alarmList;
			sourceTree = "<group>";
		};
		8688C26D2155E670009CC2E8 /* view */ = {
			isa = PBXGroup;
			children = (
				8688C26F2155E6A1009CC2E8 /* AlarmTableViewCell.h */,
				8688C2702155E6A1009CC2E8 /* AlarmTableViewCell.m */,
			);
			path = view;
			sourceTree = "<group>";
		};
		8688C26E2155E676009CC2E8 /* viewcontroller */ = {
			isa = PBXGroup;
			children = (
				8688C26A2155DE69009CC2E8 /* AlarmManagerViewController.h */,
				8688C26B2155DE69009CC2E8 /* AlarmManagerViewController.m */,
			);
			path = viewcontroller;
			sourceTree = "<group>";
		};
		8688C2722155F976009CC2E8 /* model */ = {
			isa = PBXGroup;
			children = (
				8688C2732155F987009CC2E8 /* AlarmModel.h */,
				8688C2742155F987009CC2E8 /* AlarmModel.mm */,
				8688C27C215611A4009CC2E8 /* AlarmInfoDataSource.h */,
				8688C27D215611A4009CC2E8 /* AlarmInfoDataSource.m */,
				8688C27F2156146B009CC2E8 /* AlarmEditInfoDataSource.h */,
				8688C2802156146B009CC2E8 /* AlarmEditInfoDataSource.m */,
				8688C28221561493009CC2E8 /* AlarmNewInfoDataSource.h */,
				8688C28321561493009CC2E8 /* AlarmNewInfoDataSource.m */,
				8688C28521561CBD009CC2E8 /* AlarmModel+WCTTableCoding.h */,
			);
			path = model;
			sourceTree = "<group>";
		};
		8688C2762156012D009CC2E8 /* alarmInfo */ = {
			isa = PBXGroup;
			children = (
				8688C28C215630D7009CC2E8 /* alarmDao */,
				8688C27721560174009CC2E8 /* viewcontroller */,
			);
			path = alarmInfo;
			sourceTree = "<group>";
		};
		8688C27721560174009CC2E8 /* viewcontroller */ = {
			isa = PBXGroup;
			children = (
				8688C278215601A0009CC2E8 /* AlarmInfoTableViewController.h */,
				8688C279215601A0009CC2E8 /* AlarmInfoTableViewController.m */,
				8688C286215620B3009CC2E8 /* WeekDaySelectViewController.h */,
				8688C287215620B3009CC2E8 /* WeekDaySelectViewController.m */,
				8688C28921562B39009CC2E8 /* AlarmDescriptionEditViewController.h */,
				8688C28A21562B39009CC2E8 /* AlarmDescriptionEditViewController.m */,
				8665655D2156B2D700019AAC /* AlarmSoundSelectTableViewController.h */,
				8665655E2156B2D700019AAC /* AlarmSoundSelectTableViewController.m */,
			);
			path = viewcontroller;
			sourceTree = "<group>";
		};
		8688C28C215630D7009CC2E8 /* alarmDao */ = {
			isa = PBXGroup;
			children = (
				8688C28D215630FE009CC2E8 /* AlarmDAO.h */,
				8688C28E215630FE009CC2E8 /* AlarmDAO.mm */,
			);
			path = alarmDao;
			sourceTree = "<group>";
		};
		8688C2932156478E009CC2E8 /* alarmService */ = {
			isa = PBXGroup;
			children = (
				8688C294215647AE009CC2E8 /* AlarmService.h */,
				8688C295215647AE009CC2E8 /* AlarmService.m */,
			);
			path = alarmService;
			sourceTree = "<group>";
		};
		E1F7E6B918440A01F5F65B1D /* Pods */ = {
			isa = PBXGroup;
			children = (
				D667622B99E3032732D82B25 /* Pods-Alarm.debug.xcconfig */,
				60215B01EEDC4AA14BAC0726 /* Pods-Alarm.release.xcconfig */,
			);
			name = Pods;
			sourceTree = "<group>";
		};
/* End PBXGroup section */

/* Begin PBXNativeTarget section */
		8688C24B2155DA92009CC2E8 /* Alarm */ = {
			isa = PBXNativeTarget;
			buildConfigurationList = 8688C2622155DA95009CC2E8 /* Build configuration list for PBXNativeTarget "Alarm" */;
			buildPhases = (
				92B51E6972FFCACA8096ED88 /* [CP] Check Pods Manifest.lock */,
				8688C2482155DA92009CC2E8 /* Sources */,
				8688C2492155DA92009CC2E8 /* Frameworks */,
				8688C24A2155DA92009CC2E8 /* Resources */,
			);
			buildRules = (
			);
			dependencies = (
			);
			name = Alarm;
			productName = Alarm;
			productReference = 8688C24C2155DA92009CC2E8 /* Alarm.app */;
			productType = "com.apple.product-type.application";
		};
/* End PBXNativeTarget section */

/* Begin PBXProject section */
		8688C2442155DA91009CC2E8 /* Project object */ = {
			isa = PBXProject;
			attributes = {
				LastUpgradeCheck = 0940;
				ORGANIZATIONNAME = "苟欣";
				TargetAttributes = {
					8688C24B2155DA92009CC2E8 = {
						CreatedOnToolsVersion = 9.4.1;
					};
				};
			};
			buildConfigurationList = 8688C2472155DA91009CC2E8 /* Build configuration list for PBXProject "Alarm" */;
			compatibilityVersion = "Xcode 9.3";
			developmentRegion = en;
			hasScannedForEncodings = 0;
			knownRegions = (
				en,
				Base,
			);
			mainGroup = 8688C2432155DA91009CC2E8;
			productRefGroup = 8688C24D2155DA92009CC2E8 /* Products */;
			projectDirPath = "";
			projectRoot = "";
			targets = (
				8688C24B2155DA92009CC2E8 /* Alarm */,
			);
		};
/* End PBXProject section */

/* Begin PBXResourcesBuildPhase section */
		8688C24A2155DA92009CC2E8 /* Resources */ = {
			isa = PBXResourcesBuildPhase;
			buildActionMask = 2147483647;
			files = (
				8688C25C2155DA95009CC2E8 /* LaunchScreen.storyboard in Resources */,
				8688C2592155DA95009CC2E8 /* Assets.xcassets in Resources */,
				8688C2572155DA92009CC2E8 /* Main.storyboard in Resources */,
			);
			runOnlyForDeploymentPostprocessing = 0;
		};
/* End PBXResourcesBuildPhase section */

/* Begin PBXShellScriptBuildPhase section */
		92B51E6972FFCACA8096ED88 /* [CP] Check Pods Manifest.lock */ = {
			isa = PBXShellScriptBuildPhase;
			buildActionMask = 2147483647;
			files = (
			);
			inputPaths = (
				"${PODS_PODFILE_DIR_PATH}/Podfile.lock",
				"${PODS_ROOT}/Manifest.lock",
			);
			name = "[CP] Check Pods Manifest.lock";
			outputPaths = (
				"$(DERIVED_FILE_DIR)/Pods-Alarm-checkManifestLockResult.txt",
			);
			runOnlyForDeploymentPostprocessing = 0;
			shellPath = /bin/sh;
			shellScript = "diff \"${PODS_PODFILE_DIR_PATH}/Podfile.lock\" \"${PODS_ROOT}/Manifest.lock\" > /dev/null\nif [ $? != 0 ] ; then\n    # print error to STDERR\n    echo \"error: The sandbox is not in sync with the Podfile.lock. Run 'pod install' or update your CocoaPods installation.\" >&2\n    exit 1\nfi\n# This output is used by Xcode 'outputs' to avoid re-running this script phase.\necho \"SUCCESS\" > \"${SCRIPT_OUTPUT_FILE_0}\"\n";
			showEnvVarsInLog = 0;
		};
/* End PBXShellScriptBuildPhase section */

/* Begin PBXSourcesBuildPhase section */
		8688C2482155DA92009CC2E8 /* Sources */ = {
			isa = PBXSourcesBuildPhase;
			buildActionMask = 2147483647;
			files = (
				8688C2712155E6A1009CC2E8 /* AlarmTableViewCell.m in Sources */,
				8688C28421561493009CC2E8 /* AlarmNewInfoDataSource.m in Sources */,
				8665655921566C1700019AAC /* AlarmCloseViewController.m in Sources */,
				8688C25F2155DA95009CC2E8 /* main.m in Sources */,
				8688C2512155DA92009CC2E8 /* AppDelegate.mm in Sources */,
				8688C26C2155DE69009CC2E8 /* AlarmManagerViewController.m in Sources */,
				8688C27E215611A4009CC2E8 /* AlarmInfoDataSource.m in Sources */,
				8688C2812156146B009CC2E8 /* AlarmEditInfoDataSource.m in Sources */,
				8688C2682155DCEC009CC2E8 /* ColorManager.m in Sources */,
				8688C288215620B3009CC2E8 /* WeekDaySelectViewController.m in Sources */,
				8688C28F215630FE009CC2E8 /* AlarmDAO.mm in Sources */,
				8688C28B21562B39009CC2E8 /* AlarmDescriptionEditViewController.m in Sources */,
				8688C296215647AE009CC2E8 /* AlarmService.m in Sources */,
				8665655F2156B2D700019AAC /* AlarmSoundSelectTableViewController.m in Sources */,
				8688C2752155F987009CC2E8 /* AlarmModel.mm in Sources */,
				8688C27A215601A0009CC2E8 /* AlarmInfoTableViewController.m in Sources */,
			);
			runOnlyForDeploymentPostprocessing = 0;
		};
/* End PBXSourcesBuildPhase section */

/* Begin PBXVariantGroup section */
		8688C2552155DA92009CC2E8 /* Main.storyboard */ = {
			isa = PBXVariantGroup;
			children = (
				8688C2562155DA92009CC2E8 /* Base */,
			);
			name = Main.storyboard;
			sourceTree = "<group>";
		};
		8688C25A2155DA95009CC2E8 /* LaunchScreen.storyboard */ = {
			isa = PBXVariantGroup;
			children = (
				8688C25B2155DA95009CC2E8 /* Base */,
			);
			name = LaunchScreen.storyboard;
			sourceTree = "<group>";
		};
/* End PBXVariantGroup section */

/* Begin XCBuildConfiguration section */
		8688C2602155DA95009CC2E8 /* Debug */ = {
			isa = XCBuildConfiguration;
			buildSettings = {
				ALWAYS_SEARCH_USER_PATHS = NO;
				CLANG_ANALYZER_NONNULL = YES;
				CLANG_ANALYZER_NUMBER_OBJECT_CONVERSION = YES_AGGRESSIVE;
				CLANG_CXX_LANGUAGE_STANDARD = "gnu++14";
				CLANG_CXX_LIBRARY = "libc++";
				CLANG_ENABLE_MODULES = YES;
				CLANG_ENABLE_OBJC_ARC = YES;
				CLANG_ENABLE_OBJC_WEAK = YES;
				CLANG_WARN_BLOCK_CAPTURE_AUTORELEASING = YES;
				CLANG_WARN_BOOL_CONVERSION = YES;
				CLANG_WARN_COMMA = YES;
				CLANG_WARN_CONSTANT_CONVERSION = YES;
				CLANG_WARN_DEPRECATED_OBJC_IMPLEMENTATIONS = YES;
				CLANG_WARN_DIRECT_OBJC_ISA_USAGE = YES_ERROR;
				CLANG_WARN_DOCUMENTATION_COMMENTS = YES;
				CLANG_WARN_EMPTY_BODY = YES;
				CLANG_WARN_ENUM_CONVERSION = YES;
				CLANG_WARN_INFINITE_RECURSION = YES;
				CLANG_WARN_INT_CONVERSION = YES;
				CLANG_WARN_NON_LITERAL_NULL_CONVERSION = YES;
				CLANG_WARN_OBJC_IMPLICIT_RETAIN_SELF = YES;
				CLANG_WARN_OBJC_LITERAL_CONVERSION = YES;
				CLANG_WARN_OBJC_ROOT_CLASS = YES_ERROR;
				CLANG_WARN_RANGE_LOOP_ANALYSIS = YES;
				CLANG_WARN_STRICT_PROTOTYPES = YES;
				CLANG_WARN_SUSPICIOUS_MOVE = YES;
				CLANG_WARN_UNGUARDED_AVAILABILITY = YES_AGGRESSIVE;
				CLANG_WARN_UNREACHABLE_CODE = YES;
				CLANG_WARN__DUPLICATE_METHOD_MATCH = YES;
				CODE_SIGN_IDENTITY = "iPhone Developer";
				COPY_PHASE_STRIP = NO;
				DEBUG_INFORMATION_FORMAT = dwarf;
				ENABLE_STRICT_OBJC_MSGSEND = YES;
				ENABLE_TESTABILITY = YES;
				GCC_C_LANGUAGE_STANDARD = gnu11;
				GCC_DYNAMIC_NO_PIC = NO;
				GCC_NO_COMMON_BLOCKS = YES;
				GCC_OPTIMIZATION_LEVEL = 0;
				GCC_PREPROCESSOR_DEFINITIONS = (
					"DEBUG=1",
					"$(inherited)",
				);
				GCC_WARN_64_TO_32_BIT_CONVERSION = YES;
				GCC_WARN_ABOUT_RETURN_TYPE = YES_ERROR;
				GCC_WARN_UNDECLARED_SELECTOR = YES;
				GCC_WARN_UNINITIALIZED_AUTOS = YES_AGGRESSIVE;
				GCC_WARN_UNUSED_FUNCTION = YES;
				GCC_WARN_UNUSED_VARIABLE = YES;
				IPHONEOS_DEPLOYMENT_TARGET = 11.4;
				MTL_ENABLE_DEBUG_INFO = YES;
				ONLY_ACTIVE_ARCH = YES;
				SDKROOT = iphoneos;
			};
			name = Debug;
		};
		8688C2612155DA95009CC2E8 /* Release */ = {
			isa = XCBuildConfiguration;
			buildSettings = {
				ALWAYS_SEARCH_USER_PATHS = NO;
				CLANG_ANALYZER_NONNULL = YES;
				CLANG_ANALYZER_NUMBER_OBJECT_CONVERSION = YES_AGGRESSIVE;
				CLANG_CXX_LANGUAGE_STANDARD = "gnu++14";
				CLANG_CXX_LIBRARY = "libc++";
				CLANG_ENABLE_MODULES = YES;
				CLANG_ENABLE_OBJC_ARC = YES;
				CLANG_ENABLE_OBJC_WEAK = YES;
				CLANG_WARN_BLOCK_CAPTURE_AUTORELEASING = YES;
				CLANG_WARN_BOOL_CONVERSION = YES;
				CLANG_WARN_COMMA = YES;
				CLANG_WARN_CONSTANT_CONVERSION = YES;
				CLANG_WARN_DEPRECATED_OBJC_IMPLEMENTATIONS = YES;
				CLANG_WARN_DIRECT_OBJC_ISA_USAGE = YES_ERROR;
				CLANG_WARN_DOCUMENTATION_COMMENTS = YES;
				CLANG_WARN_EMPTY_BODY = YES;
				CLANG_WARN_ENUM_CONVERSION = YES;
				CLANG_WARN_INFINITE_RECURSION = YES;
				CLANG_WARN_INT_CONVERSION = YES;
				CLANG_WARN_NON_LITERAL_NULL_CONVERSION = YES;
				CLANG_WARN_OBJC_IMPLICIT_RETAIN_SELF = YES;
				CLANG_WARN_OBJC_LITERAL_CONVERSION = YES;
				CLANG_WARN_OBJC_ROOT_CLASS = YES_ERROR;
				CLANG_WARN_RANGE_LOOP_ANALYSIS = YES;
				CLANG_WARN_STRICT_PROTOTYPES = YES;
				CLANG_WARN_SUSPICIOUS_MOVE = YES;
				CLANG_WARN_UNGUARDED_AVAILABILITY = YES_AGGRESSIVE;
				CLANG_WARN_UNREACHABLE_CODE = YES;
				CLANG_WARN__DUPLICATE_METHOD_MATCH = YES;
				CODE_SIGN_IDENTITY = "iPhone Developer";
				COPY_PHASE_STRIP = NO;
				DEBUG_INFORMATION_FORMAT = "dwarf-with-dsym";
				ENABLE_NS_ASSERTIONS = NO;
				ENABLE_STRICT_OBJC_MSGSEND = YES;
				GCC_C_LANGUAGE_STANDARD = gnu11;
				GCC_NO_COMMON_BLOCKS = YES;
				GCC_WARN_64_TO_32_BIT_CONVERSION = YES;
				GCC_WARN_ABOUT_RETURN_TYPE = YES_ERROR;
				GCC_WARN_UNDECLARED_SELECTOR = YES;
				GCC_WARN_UNINITIALIZED_AUTOS = YES_AGGRESSIVE;
				GCC_WARN_UNUSED_FUNCTION = YES;
				GCC_WARN_UNUSED_VARIABLE = YES;
				IPHONEOS_DEPLOYMENT_TARGET = 11.4;
				MTL_ENABLE_DEBUG_INFO = NO;
				SDKROOT = iphoneos;
				VALIDATE_PRODUCT = YES;
			};
			name = Release;
		};
		8688C2632155DA95009CC2E8 /* Debug */ = {
			isa = XCBuildConfiguration;
			baseConfigurationReference = D667622B99E3032732D82B25 /* Pods-Alarm.debug.xcconfig */;
			buildSettings = {
				ASSETCATALOG_COMPILER_APPICON_NAME = AppIcon;
				CODE_SIGN_STYLE = Automatic;
				DEVELOPMENT_TEAM = N6A3Y75VD4;
				INFOPLIST_FILE = Alarm/Info.plist;
				IPHONEOS_DEPLOYMENT_TARGET = 10.0;
				LD_RUNPATH_SEARCH_PATHS = (
					"$(inherited)",
					"@executable_path/Frameworks",
				);
				PRODUCT_BUNDLE_IDENTIFIER = com.gouxin.alarm.Alarm;
				PRODUCT_NAME = "$(TARGET_NAME)";
				TARGETED_DEVICE_FAMILY = "1,2";
			};
			name = Debug;
		};
		8688C2642155DA95009CC2E8 /* Release */ = {
			isa = XCBuildConfiguration;
			baseConfigurationReference = 60215B01EEDC4AA14BAC0726 /* Pods-Alarm.release.xcconfig */;
			buildSettings = {
				ASSETCATALOG_COMPILER_APPICON_NAME = AppIcon;
				CODE_SIGN_STYLE = Automatic;
				DEVELOPMENT_TEAM = N6A3Y75VD4;
				INFOPLIST_FILE = Alarm/Info.plist;
				IPHONEOS_DEPLOYMENT_TARGET = 10.0;
				LD_RUNPATH_SEARCH_PATHS = (
					"$(inherited)",
					"@executable_path/Frameworks",
				);
				PRODUCT_BUNDLE_IDENTIFIER = com.gouxin.alarm.Alarm;
				PRODUCT_NAME = "$(TARGET_NAME)";
				TARGETED_DEVICE_FAMILY = "1,2";
			};
			name = Release;
		};
/* End XCBuildConfiguration section */

/* Begin XCConfigurationList section */
		8688C2472155DA91009CC2E8 /* Build configuration list for PBXProject "Alarm" */ = {
			isa = XCConfigurationList;
			buildConfigurations = (
				8688C2602155DA95009CC2E8 /* Debug */,
				8688C2612155DA95009CC2E8 /* Release */,
			);
			defaultConfigurationIsVisible = 0;
			defaultConfigurationName = Release;
		};
		8688C2622155DA95009CC2E8 /* Build configuration list for PBXNativeTarget "Alarm" */ = {
			isa = XCConfigurationList;
			buildConfigurations = (
				8688C2632155DA95009CC2E8 /* Debug */,
				8688C2642155DA95009CC2E8 /* Release */,
			);
			defaultConfigurationIsVisible = 0;
			defaultConfigurationName = Release;
		};
/* End XCConfigurationList section */
	};
	rootObject = 8688C2442155DA91009CC2E8 /* Project object */;
}
